
Microsoft Visual Studio Solution File, Format Version 12.00
Project("{FAE04EC0-301F-11D3-BF4B-00C04F79EFBC}") = "Listener", "Listener\Listener.csproj", "{C20E139E-8551-4367-9961-0C51AB09E423}"
EndProject
Project("{FAE04EC0-301F-11D3-BF4B-00C04F79EFBC}") = "Sender", "Sender\Sender.csproj", "{92FC411D-03CF-4449-98D4-7E0D9BF39460}"
EndProject
Global
	GlobalSection(SolutionConfigurationPlatforms) = preSolution
		Debug|Any CPU = Debug|Any CPU
		Release|Any CPU = Release|Any CPU
	EndGlobalSection
	GlobalSection(ProjectConfigurationPlatforms) = postSolution
		{C20E139E-8551-4367-9961-0C51AB09E423}.Debug|Any CPU.ActiveCfg = Debug|Any CPU
		{C20E139E-8551-4367-9961-0C51AB09E423}.Debug|Any CPU.Build.0 = Debug|Any CPU
		{C20E139E-8551-4367-9961-0C51AB09E423}.Release|Any CPU.ActiveCfg = Release|Any CPU
		{C20E139E-8551-4367-9961-0C51AB09E423}.Release|Any CPU.Build.0 = Release|Any CPU
		{92FC411D-03CF-4449-98D4-7E0D9BF39460}.Debug|Any CPU.ActiveCfg = Debug|Any CPU
		{92FC411D-03CF-4449-98D4-7E0D9BF39460}.Debug|Any CPU.Build.0 = Debug|Any CPU
		{92FC411D-03CF-4449-98D4-7E0D9BF39460}.Release|Any CPU.ActiveCfg = Release|Any CPU
		{92FC411D-03CF-4449-98D4-7E0D9BF39460}.Release|Any CPU.Build.0 = Release|Any CPU
	EndGlobalSection
EndGlobal
